
Microsoft Visual Studio Solution File, Format Version 12.00
# Visual Studio Version 16
VisualStudioVersion = 16.0.29728.190
MinimumVisualStudioVersion = 10.0.40219.1
Project("{FAE04EC0-301F-11D3-BF4B-00C04F79EFBC}") = "Tournaments", "Tournaments.csproj", "{EB92BA2E-41E1-43F9-8D99-FD5A717B84E0}"
EndProject
Project("{FAE04EC0-301F-11D3-BF4B-00C04F79EFBC}") = "BracketGenerate", "BracketGenerate\BracketGenerate\BracketGenerate.csproj", "{8AF1A350-AC9D-4923-B26A-290EF702D9F1}"
EndProject
Global
	GlobalSection(SolutionConfigurationPlatforms) = preSolution
		Debug|Any CPU = Debug|Any CPU
		Release|Any CPU = Release|Any CPU
	EndGlobalSection
	GlobalSection(ProjectConfigurationPlatforms) = postSolution
		{EB92BA2E-41E1-43F9-8D99-FD5A717B84E0}.Debug|Any CPU.ActiveCfg = Debug|Any CPU
		{EB92BA2E-41E1-43F9-8D99-FD5A717B84E0}.Debug|Any CPU.Build.0 = Debug|Any CPU
		{EB92BA2E-41E1-43F9-8D99-FD5A717B84E0}.Release|Any CPU.ActiveCfg = Release|Any CPU
		{EB92BA2E-41E1-43F9-8D99-FD5A717B84E0}.Release|Any CPU.Build.0 = Release|Any CPU
		{8AF1A350-AC9D-4923-B26A-290EF702D9F1}.Debug|Any CPU.ActiveCfg = Debug|Any CPU
		{8AF1A350-AC9D-4923-B26A-290EF702D9F1}.Debug|Any CPU.Build.0 = Debug|Any CPU
		{8AF1A350-AC9D-4923-B26A-290EF702D9F1}.Release|Any CPU.ActiveCfg = Release|Any CPU
		{8AF1A350-AC9D-4923-B26A-290EF702D9F1}.Release|Any CPU.Build.0 = Release|Any CPU
	EndGlobalSection
	GlobalSection(SolutionProperties) = preSolution
		HideSolutionNode = FALSE
	EndGlobalSection
	GlobalSection(ExtensibilityGlobals) = postSolution
		SolutionGuid = {F898BCEA-D9FA-40E3-87A0-A8F70CD8937A}
	EndGlobalSection
EndGlobal
